Microsoft Visual Studio Solution File, Format Version 12.00
# Visual Studio Version 17
VisualStudioVersion = 17.5.2.0
MinimumVisualStudioVersion = 10.0.40219.1
Project("{FAE04EC0-301F-11D3-BF4B-00C04F79EFBC}") = "minimal_api", "minimal_api.csproj", "{7E1B2CBA-EE8B-FF14-F625-7F9C1CEDA7A9}"
EndProject
Project("{FAE04EC0-301F-11D3-BF4B-00C04F79EFBC}") = "minimal_apiTestes.Testes", "minimal_apiTestes.Testes\minimal_apiTestes.Testes.csproj", "{3AD787B9-6C06-480C-8CD0-57B8A06AC0FE}"
EndProject
Global
	GlobalSection(SolutionConfigurationPlatforms) = preSolution
		Debug|Any CPU = Debug|Any CPU
		Release|Any CPU = Release|Any CPU
	EndGlobalSection
	GlobalSection(ProjectConfigurationPlatforms) = postSolution
		{7E1B2CBA-EE8B-FF14-F625-7F9C1CEDA7A9}.Debug|Any CPU.ActiveCfg = Debug|Any CPU
		{7E1B2CBA-EE8B-FF14-F625-7F9C1CEDA7A9}.Debug|Any CPU.Build.0 = Debug|Any CPU
		{7E1B2CBA-EE8B-FF14-F625-7F9C1CEDA7A9}.Release|Any CPU.ActiveCfg = Release|Any CPU
		{7E1B2CBA-EE8B-FF14-F625-7F9C1CEDA7A9}.Release|Any CPU.Build.0 = Release|Any CPU
		{3AD787B9-6C06-480C-8CD0-57B8A06AC0FE}.Debug|Any CPU.ActiveCfg = Debug|Any CPU
		{3AD787B9-6C06-480C-8CD0-57B8A06AC0FE}.Debug|Any CPU.Build.0 = Debug|Any CPU
		{3AD787B9-6C06-480C-8CD0-57B8A06AC0FE}.Release|Any CPU.ActiveCfg = Release|Any CPU
		{3AD787B9-6C06-480C-8CD0-57B8A06AC0FE}.Release|Any CPU.Build.0 = Release|Any CPU
	EndGlobalSection
	GlobalSection(SolutionProperties) = preSolution
		HideSolutionNode = FALSE
	EndGlobalSection
	GlobalSection(ExtensibilityGlobals) = postSolution
		SolutionGuid = {253B1A8D-9E7F-417E-A75A-8CB60E1BF104}
	EndGlobalSection
EndGlobal
